// !$*UTF8*$!
{
	archiveVersion = 1;
	classes = {
	};
	objectVersion = 50;
	objects = {

/* Begin PBXBuildFile section */
		4192E8C023571445008FFE2A /* AppDelegate.swift in Sources */ = {isa = PBXBuildFile; fileRef = 4192E8BF23571445008FFE2A /* AppDelegate.swift */; };
		4192E8C223571445008FFE2A /* SceneDelegate.swift in Sources */ = {isa = PBXBuildFile; fileRef = 4192E8C123571445008FFE2A /* SceneDelegate.swift */; };
		4192E8C423571445008FFE2A /* ViewController.swift in Sources */ = {isa = PBXBuildFile; fileRef = 4192E8C323571445008FFE2A /* ViewController.swift */; };
		4192E8C723571445008FFE2A /* Main.storyboard in Resources */ = {isa = PBXBuildFile; fileRef = 4192E8C523571445008FFE2A /* Main.storyboard */; };
		4192E8C923571447008FFE2A /* Assets.xcassets in Resources */ = {isa = PBXBuildFile; fileRef = 4192E8C823571447008FFE2A /* Assets.xcassets */; };
		4192E8CC23571447008FFE2A /* LaunchScreen.storyboard in Resources */ = {isa = PBXBuildFile; fileRef = 4192E8CA23571447008FFE2A /* LaunchScreen.storyboard */; };
		4192E8D723571447008FFE2A /* LearnSignInWithAppleTests.swift in Sources */ = {isa = PBXBuildFile; fileRef = 4192E8D623571447008FFE2A /* LearnSignInWithAppleTests.swift */; };
		4192E8E223571447008FFE2A /* LearnSignInWithAppleUITests.swift in Sources */ = {isa = PBXBuildFile; fileRef = 4192E8E123571447008FFE2A /* LearnSignInWithAppleUITests.swift */; };
		4192E9052357246A008FFE2A /* KeychainItem.swift in Sources */ = {isa = PBXBuildFile; fileRef = 4192E9042357246A008FFE2A /* KeychainItem.swift */; };
/* End PBXBuildFile section */

/* Begin PBXContainerItemProxy section */
		4192E8D323571447008FFE2A /* PBXContainerItemProxy */ = {
			isa = PBXContainerItemProxy;
			containerPortal = 4192E8B423571445008FFE2A /* Project object */;
			proxyType = 1;
			remoteGlobalIDString = 4192E8BB23571445008FFE2A;
			remoteInfo = LearnSignInWithApple;
		};
		4192E8DE23571447008FFE2A /* PBXContainerItemProxy */ = {
			isa = PBXContainerItemProxy;
			containerPortal = 4192E8B423571445008FFE2A /* Project object */;
			proxyType = 1;
			remoteGlobalIDString = 4192E8BB23571445008FFE2A;
			remoteInfo = LearnSignInWithApple;
		};
/* End PBXContainerItemProxy section */

/* Begin PBXFileReference section */
		4192E8BC23571445008FFE2A /* LearnSignInWithApple.app */ = {isa = PBXFileReference; explicitFileType = wrapper.application; includeInIndex = 0; path = LearnSignInWithApple.app; sourceTree = BUILT_PRODUCTS_DIR; };
		4192E8BF23571445008FFE2A /* AppDelegate.swift */ = {isa = PBXFileReference; lastKnownFileType = sourcecode.swift; path = AppDelegate.swift; sourceTree = "<group>"; };
		4192E8C123571445008FFE2A /* SceneDelegate.swift */ = {isa = PBXFileReference; lastKnownFileType = sourcecode.swift; path = SceneDelegate.swift; sourceTree = "<group>"; };
		4192E8C323571445008FFE2A /* ViewController.swift */ = {isa = PBXFileReference; lastKnownFileType = sourcecode.swift; path = ViewController.swift; sourceTree = "<group>"; };
		4192E8C623571445008FFE2A /* Base */ = {isa = PBXFileReference; lastKnownFileType = file.storyboard; name = Base; path = Base.lproj/Main.storyboard; sourceTree = "<group>"; };
		4192E8C823571447008FFE2A /* Assets.xcassets */ = {isa = PBXFileReference; lastKnownFileType = folder.assetcatalog; path = Assets.xcassets; sourceTree = "<group>"; };
		4192E8CB23571447008FFE2A /* Base */ = {isa = PBXFileReference; lastKnownFileType = file.storyboard; name = Base; path = Base.lproj/LaunchScreen.storyboard; sourceTree = "<group>"; };
		4192E8CD23571447008FFE2A /* Info.plist */ = {isa = PBXFileReference; lastKnownFileType = text.plist.xml; path = Info.plist; sourceTree = "<group>"; };
		4192E8D223571447008FFE2A /* LearnSignInWithAppleTests.xctest */ = {isa = PBXFileReference; explicitFileType = wrapper.cfbundle; includeInIndex = 0; path = LearnSignInWithAppleTests.xctest; sourceTree = BUILT_PRODUCTS_DIR; };
		4192E8D623571447008FFE2A /* LearnSignInWithAppleTests.swift */ = {isa = PBXFileReference; lastKnownFileType = sourcecode.swift; path = LearnSignInWithAppleTests.swift; sourceTree = "<group>"; };
		4192E8D823571447008FFE2A /* Info.plist */ = {isa = PBXFileReference; lastKnownFileType = text.plist.xml; path = Info.plist; sourceTree = "<group>"; };
		4192E8DD23571447008FFE2A /* LearnSignInWithAppleUITests.xctest */ = {isa = PBXFileReference; explicitFileType = wrapper.cfbundle; includeInIndex = 0; path = LearnSignInWithAppleUITests.xctest; sourceTree = BUILT_PRODUCTS_DIR; };
		4192E8E123571447008FFE2A /* LearnSignInWithAppleUITests.swift */ = {isa = PBXFileReference; lastKnownFileType = sourcecode.swift; path = LearnSignInWithAppleUITests.swift; sourceTree = "<group>"; };
		4192E8E323571447008FFE2A /* Info.plist */ = {isa = PBXFileReference; lastKnownFileType = text.plist.xml; path = Info.plist; sourceTree = "<group>"; };
		4192E8EF235714F4008FFE2A /* LearnSignInWithApple.entitlements */ = {isa = PBXFileReference; lastKnownFileType = text.plist.entitlements; path = LearnSignInWithApple.entitlements; sourceTree = "<group>"; };
		4192E9042357246A008FFE2A /* KeychainItem.swift */ = {isa = PBXFileReference; fileEncoding = 4; lastKnownFileType = sourcecode.swift; path = KeychainItem.swift; sourceTree = "<group>"; };
/* End PBXFileReference section */

/* Begin PBXFrameworksBuildPhase section */
		4192E8B923571445008FFE2A /* Frameworks */ = {
			isa = PBXFrameworksBuildPhase;
			buildActionMask = 2147483647;
			files = (
			);
			runOnlyForDeploymentPostprocessing = 0;
		};
		4192E8CF23571447008FFE2A /* Frameworks */ = {
			isa = PBXFrameworksBuildPhase;
			buildActionMask = 2147483647;
			files = (
			);
			runOnlyForDeploymentPostprocessing = 0;
		};
		4192E8DA23571447008FFE2A /* Frameworks */ = {
			isa = PBXFrameworksBuildPhase;
			buildActionMask = 2147483647;
			files = (
			);
			runOnlyForDeploymentPostprocessing = 0;
		};
/* End PBXFrameworksBuildPhase section */

/* Begin PBXGroup section */
		4192E8B323571445008FFE2A = {
			isa = PBXGroup;
			children = (
				4192E8BE23571445008FFE2A /* LearnSignInWithApple */,
				4192E8D523571447008FFE2A /* LearnSignInWithAppleTests */,
				4192E8E023571447008FFE2A /* LearnSignInWithAppleUITests */,
				4192E8BD23571445008FFE2A /* Products */,
			);
			sourceTree = "<group>";
		};
		4192E8BD23571445008FFE2A /* Products */ = {
			isa = PBXGroup;
			children = (
				4192E8BC23571445008FFE2A /* LearnSignInWithApple.app */,
				4192E8D223571447008FFE2A /* LearnSignInWithAppleTests.xctest */,
				4192E8DD23571447008FFE2A /* LearnSignInWithAppleUITests.xctest */,
			);
			name = Products;
			sourceTree = "<group>";
		};
		4192E8BE23571445008FFE2A /* LearnSignInWithApple */ = {
			isa = PBXGroup;
			children = (
				4192E9042357246A008FFE2A /* KeychainItem.swift */,
				4192E8EF235714F4008FFE2A /* LearnSignInWithApple.entitlements */,
				4192E8BF23571445008FFE2A /* AppDelegate.swift */,
				4192E8C123571445008FFE2A /* SceneDelegate.swift */,
				4192E8C323571445008FFE2A /* ViewController.swift */,
				4192E8C523571445008FFE2A /* Main.storyboard */,
				4192E8C823571447008FFE2A /* Assets.xcassets */,
				4192E8CA23571447008FFE2A /* LaunchScreen.storyboard */,
				4192E8CD23571447008FFE2A /* Info.plist */,
			);
			path = LearnSignInWithApple;
			sourceTree = "<group>";
		};
		4192E8D523571447008FFE2A /* LearnSignInWithAppleTests */ = {
			isa = PBXGroup;
			children = (
				4192E8D623571447008FFE2A /* LearnSignInWithAppleTests.swift */,
				4192E8D823571447008FFE2A /* Info.plist */,
			);
			path = LearnSignInWithAppleTests;
			sourceTree = "<group>";
		};
		4192E8E023571447008FFE2A /* LearnSignInWithAppleUITests */ = {
			isa = PBXGroup;
			children = (
				4192E8E123571447008FFE2A /* LearnSignInWithAppleUITests.swift */,
				4192E8E323571447008FFE2A /* Info.plist */,
			);
			path = LearnSignInWithAppleUITests;
			sourceTree = "<group>";
		};
/* End PBXGroup section */

/* Begin PBXNativeTarget section */
		4192E8BB23571445008FFE2A /* LearnSignInWithApple */ = {
			isa = PBXNativeTarget;
			buildConfigurationList = 4192E8E623571447008FFE2A /* Build configuration list for PBXNativeTarget "LearnSignInWithApple" */;
			buildPhases = (
				4192E8B823571445008FFE2A /* Sources */,
				4192E8B923571445008FFE2A /* Frameworks */,
				4192E8BA23571445008FFE2A /* Resources */,
			);
			buildRules = (
			);
			dependencies = (
			);
			name = LearnSignInWithApple;
			productName = LearnSignInWithApple;
			productReference = 4192E8BC23571445008FFE2A /* LearnSignInWithApple.app */;
			productType = "com.apple.product-type.application";
		};
		4192E8D123571447008FFE2A /* LearnSignInWithAppleTests */ = {
			isa = PBXNativeTarget;
			buildConfigurationList = 4192E8E923571447008FFE2A /* Build configuration list for PBXNativeTarget "LearnSignInWithAppleTests" */;
			buildPhases = (
				4192E8CE23571447008FFE2A /* Sources */,
				4192E8CF23571447008FFE2A /* Frameworks */,
				4192E8D023571447008FFE2A /* Resources */,
			);
			buildRules = (
			);
			dependencies = (
				4192E8D423571447008FFE2A /* PBXTargetDependency */,
			);
			name = LearnSignInWithAppleTests;
			productName = LearnSignInWithAppleTests;
			productReference = 4192E8D223571447008FFE2A /* LearnSignInWithAppleTests.xctest */;
			productType = "com.apple.product-type.bundle.unit-test";
		};
		4192E8DC23571447008FFE2A /* LearnSignInWithAppleUITests */ = {
			isa = PBXNativeTarget;
			buildConfigurationList = 4192E8EC23571447008FFE2A /* Build configuration list for PBXNativeTarget "LearnSignInWithAppleUITests" */;
			buildPhases = (
				4192E8D923571447008FFE2A /* Sources */,
				4192E8DA23571447008FFE2A /* Frameworks */,
				4192E8DB23571447008FFE2A /* Resources */,
			);
			buildRules = (
			);
			dependencies = (
				4192E8DF23571447008FFE2A /* PBXTargetDependency */,
			);
			name = LearnSignInWithAppleUITests;
			productName = LearnSignInWithAppleUITests;
			productReference = 4192E8DD23571447008FFE2A /* LearnSignInWithAppleUITests.xctest */;
			productType = "com.apple.product-type.bundle.ui-testing";
		};
/* End PBXNativeTarget section */

/* Begin PBXProject section */
		4192E8B423571445008FFE2A /* Project object */ = {
			isa = PBXProject;
			attributes = {
				LastSwiftUpdateCheck = 1110;
				LastUpgradeCheck = 1110;
				ORGANIZATIONNAME = "仲召俊";
				TargetAttributes = {
					4192E8BB23571445008FFE2A = {
						CreatedOnToolsVersion = 11.1;
					};
					4192E8D123571447008FFE2A = {
						CreatedOnToolsVersion = 11.1;
						TestTargetID = 4192E8BB23571445008FFE2A;
					};
					4192E8DC23571447008FFE2A = {
						CreatedOnToolsVersion = 11.1;
						TestTargetID = 4192E8BB23571445008FFE2A;
					};
				};
			};
			buildConfigurationList = 4192E8B723571445008FFE2A /* Build configuration list for PBXProject "LearnSignInWithApple" */;
			compatibilityVersion = "Xcode 9.3";
			developmentRegion = en;
			hasScannedForEncodings = 0;
			knownRegions = (
				en,
				Base,
			);
			mainGroup = 4192E8B323571445008FFE2A;
			productRefGroup = 4192E8BD23571445008FFE2A /* Products */;
			projectDirPath = "";
			projectRoot = "";
			targets = (
				4192E8BB23571445008FFE2A /* LearnSignInWithApple */,
				4192E8D123571447008FFE2A /* LearnSignInWithAppleTests */,
				4192E8DC23571447008FFE2A /* LearnSignInWithAppleUITests */,
			);
		};
/* End PBXProject section */

/* Begin PBXResourcesBuildPhase section */
		4192E8BA23571445008FFE2A /* Resources */ = {
			isa = PBXResourcesBuildPhase;
			buildActionMask = 2147483647;
			files = (
				4192E8CC23571447008FFE2A /* LaunchScreen.storyboard in Resources */,
				4192E8C923571447008FFE2A /* Assets.xcassets in Resources */,
				4192E8C723571445008FFE2A /* Main.storyboard in Resources */,
			);
			runOnlyForDeploymentPostprocessing = 0;
		};
		4192E8D023571447008FFE2A /* Resources */ = {
			isa = PBXResourcesBuildPhase;
			buildActionMask = 2147483647;
			files = (
			);
			runOnlyForDeploymentPostprocessing = 0;
		};
		4192E8DB23571447008FFE2A /* Resources */ = {
			isa = PBXResourcesBuildPhase;
			buildActionMask = 2147483647;
			files = (
			);
			runOnlyForDeploymentPostprocessing = 0;
		};
/* End PBXResourcesBuildPhase section */

/* Begin PBXSourcesBuildPhase section */
		4192E8B823571445008FFE2A /* Sources */ = {
			isa = PBXSourcesBuildPhase;
			buildActionMask = 2147483647;
			files = (
				4192E9052357246A008FFE2A /* KeychainItem.swift in Sources */,
				4192E8C423571445008FFE2A /* ViewController.swift in Sources */,
				4192E8C023571445008FFE2A /* AppDelegate.swift in Sources */,
				4192E8C223571445008FFE2A /* SceneDelegate.swift in Sources */,
			);
			runOnlyForDeploymentPostprocessing = 0;
		};
		4192E8CE23571447008FFE2A /* Sources */ = {
			isa = PBXSourcesBuildPhase;
			buildActionMask = 2147483647;
			files = (
				4192E8D723571447008FFE2A /* LearnSignInWithAppleTests.swift in Sources */,
			);
			runOnlyForDeploymentPostprocessing = 0;
		};
		4192E8D923571447008FFE2A /* Sources */ = {
			isa = PBXSourcesBuildPhase;
			buildActionMask = 2147483647;
			files = (
				4192E8E223571447008FFE2A /* LearnSignInWithAppleUITests.swift in Sources */,
			);
			runOnlyForDeploymentPostprocessing = 0;
		};
/* End PBXSourcesBuildPhase section */

/* Begin PBXTargetDependency section */
		4192E8D423571447008FFE2A /* PBXTargetDependency */ = {
			isa = PBXTargetDependency;
			target = 4192E8BB23571445008FFE2A /* LearnSignInWithApple */;
			targetProxy = 4192E8D323571447008FFE2A /* PBXContainerItemProxy */;
		};
		4192E8DF23571447008FFE2A /* PBXTargetDependency */ = {
			isa = PBXTargetDependency;
			target = 4192E8BB23571445008FFE2A /* LearnSignInWithApple */;
			targetProxy = 4192E8DE23571447008FFE2A /* PBXContainerItemProxy */;
		};
/* End PBXTargetDependency section */

/* Begin PBXVariantGroup section */
		4192E8C523571445008FFE2A /* Main.storyboard */ = {
			isa = PBXVariantGroup;
			children = (
				4192E8C623571445008FFE2A /* Base */,
			);
			name = Main.storyboard;
			sourceTree = "<group>";
		};
		4192E8CA23571447008FFE2A /* LaunchScreen.storyboard */ = {
			isa = PBXVariantGroup;
			children = (
				4192E8CB23571447008FFE2A /* Base */,
			);
			name = LaunchScreen.storyboard;
			sourceTree = "<group>";
		};
/* End PBXVariantGroup section */

/* Begin XCBuildConfiguration section */
		4192E8E423571447008FFE2A /* Debug */ = {
			isa = XCBuildConfiguration;
			buildSettings = {
				ALWAYS_SEARCH_USER_PATHS = NO;
				CLANG_ANALYZER_NONNULL = YES;
				CLANG_ANALYZER_NUMBER_OBJECT_CONVERSION = YES_AGGRESSIVE;
				CLANG_CXX_LANGUAGE_STANDARD = "gnu++14";
				CLANG_CXX_LIBRARY = "libc++";
				CLANG_ENABLE_MODULES = YES;
				CLANG_ENABLE_OBJC_ARC = YES;
				CLANG_ENABLE_OBJC_WEAK = YES;
				CLANG_WARN_BLOCK_CAPTURE_AUTORELEASING = YES;
				CLANG_WARN_BOOL_CONVERSION = YES;
				CLANG_WARN_COMMA = YES;
				CLANG_WARN_CONSTANT_CONVERSION = YES;
				CLANG_WARN_DEPRECATED_OBJC_IMPLEMENTATIONS = YES;
				CLANG_WARN_DIRECT_OBJC_ISA_USAGE = YES_ERROR;
				CLANG_WARN_DOCUMENTATION_COMMENTS = YES;
				CLANG_WARN_EMPTY_BODY = YES;
				CLANG_WARN_ENUM_CONVERSION = YES;
				CLANG_WARN_INFINITE_RECURSION = YES;
				CLANG_WARN_INT_CONVERSION = YES;
				CLANG_WARN_NON_LITERAL_NULL_CONVERSION = YES;
				CLANG_WARN_OBJC_IMPLICIT_RETAIN_SELF = YES;
				CLANG_WARN_OBJC_LITERAL_CONVERSION = YES;
				CLANG_WARN_OBJC_ROOT_CLASS = YES_ERROR;
				CLANG_WARN_RANGE_LOOP_ANALYSIS = YES;
				CLANG_WARN_STRICT_PROTOTYPES = YES;
				CLANG_WARN_SUSPICIOUS_MOVE = YES;
				CLANG_WARN_UNGUARDED_AVAILABILITY = YES_AGGRESSIVE;
				CLANG_WARN_UNREACHABLE_CODE = YES;
				CLANG_WARN__DUPLICATE_METHOD_MATCH = YES;
				COPY_PHASE_STRIP = NO;
				DEBUG_INFORMATION_FORMAT = dwarf;
				ENABLE_STRICT_OBJC_MSGSEND = YES;
				ENABLE_TESTABILITY = YES;
				GCC_C_LANGUAGE_STANDARD = gnu11;
				GCC_DYNAMIC_NO_PIC = NO;
				GCC_NO_COMMON_BLOCKS = YES;
				GCC_OPTIMIZATION_LEVEL = 0;
				GCC_PREPROCESSOR_DEFINITIONS = (
					"DEBUG=1",
					"$(inherited)",
				);
				GCC_WARN_64_TO_32_BIT_CONVERSION = YES;
				GCC_WARN_ABOUT_RETURN_TYPE = YES_ERROR;
				GCC_WARN_UNDECLARED_SELECTOR = YES;
				GCC_WARN_UNINITIALIZED_AUTOS = YES_AGGRESSIVE;
				GCC_WARN_UNUSED_FUNCTION = YES;
				GCC_WARN_UNUSED_VARIABLE = YES;
				IPHONEOS_DEPLOYMENT_TARGET = 13.1;
				MTL_ENABLE_DEBUG_INFO = INCLUDE_SOURCE;
				MTL_FAST_MATH = YES;
				ONLY_ACTIVE_ARCH = YES;
				SDKROOT = iphoneos;
				SWIFT_ACTIVE_COMPILATION_CONDITIONS = DEBUG;
				SWIFT_OPTIMIZATION_LEVEL = "-Onone";
			};
			name = Debug;
		};
		4192E8E523571447008FFE2A /* Release */ = {
			isa = XCBuildConfiguration;
			buildSettings = {
				ALWAYS_SEARCH_USER_PATHS = NO;
				CLANG_ANALYZER_NONNULL = YES;
				CLANG_ANALYZER_NUMBER_OBJECT_CONVERSION = YES_AGGRESSIVE;
				CLANG_CXX_LANGUAGE_STANDARD = "gnu++14";
				CLANG_CXX_LIBRARY = "libc++";
				CLANG_ENABLE_MODULES = YES;
				CLANG_ENABLE_OBJC_ARC = YES;
				CLANG_ENABLE_OBJC_WEAK = YES;
				CLANG_WARN_BLOCK_CAPTURE_AUTORELEASING = YES;
				CLANG_WARN_BOOL_CONVERSION = YES;
				CLANG_WARN_COMMA = YES;
				CLANG_WARN_CONSTANT_CONVERSION = YES;
				CLANG_WARN_DEPRECATED_OBJC_IMPLEMENTATIONS = YES;
				CLANG_WARN_DIRECT_OBJC_ISA_USAGE = YES_ERROR;
				CLANG_WARN_DOCUMENTATION_COMMENTS = YES;
				CLANG_WARN_EMPTY_BODY = YES;
				CLANG_WARN_ENUM_CONVERSION = YES;
				CLANG_WARN_INFINITE_RECURSION = YES;
				CLANG_WARN_INT_CONVERSION = YES;
				CLANG_WARN_NON_LITERAL_NULL_CONVERSION = YES;
				CLANG_WARN_OBJC_IMPLICIT_RETAIN_SELF = YES;
				CLANG_WARN_OBJC_LITERAL_CONVERSION = YES;
				CLANG_WARN_OBJC_ROOT_CLASS = YES_ERROR;
				CLANG_WARN_RANGE_LOOP_ANALYSIS = YES;
				CLANG_WARN_STRICT_PROTOTYPES = YES;
				CLANG_WARN_SUSPICIOUS_MOVE = YES;
				CLANG_WARN_UNGUARDED_AVAILABILITY = YES_AGGRESSIVE;
				CLANG_WARN_UNREACHABLE_CODE = YES;
				CLANG_WARN__DUPLICATE_METHOD_MATCH = YES;
				COPY_PHASE_STRIP = NO;
				DEBUG_INFORMATION_FORMAT = "dwarf-with-dsym";
				ENABLE_NS_ASSERTIONS = NO;
				ENABLE_STRICT_OBJC_MSGSEND = YES;
				GCC_C_LANGUAGE_STANDARD = gnu11;
				GCC_NO_COMMON_BLOCKS = YES;
				GCC_WARN_64_TO_32_BIT_CONVERSION = YES;
				GCC_WARN_ABOUT_RETURN_TYPE = YES_ERROR;
				GCC_WARN_UNDECLARED_SELECTOR = YES;
				GCC_WARN_UNINITIALIZED_AUTOS = YES_AGGRESSIVE;
				GCC_WARN_UNUSED_FUNCTION = YES;
				GCC_WARN_UNUSED_VARIABLE = YES;
				IPHONEOS_DEPLOYMENT_TARGET = 13.1;
				MTL_ENABLE_DEBUG_INFO = NO;
				MTL_FAST_MATH = YES;
				SDKROOT = iphoneos;
				SWIFT_COMPILATION_MODE = wholemodule;
				SWIFT_OPTIMIZATION_LEVEL = "-O";
				VALIDATE_PRODUCT = YES;
			};
			name = Release;
		};
		4192E8E723571447008FFE2A /* Debug */ = {
			isa = XCBuildConfiguration;
			buildSettings = {
				ASSETCATALOG_COMPILER_APPICON_NAME = AppIcon;
				CODE_SIGN_ENTITLEMENTS = LearnSignInWithApple/LearnSignInWithApple.entitlements;
				CODE_SIGN_STYLE = Automatic;
				DEVELOPMENT_TEAM = W3SB3UL54Q;
				INFOPLIST_FILE = LearnSignInWithApple/Info.plist;
				IPHONEOS_DEPLOYMENT_TARGET = 13.0;
				LD_RUNPATH_SEARCH_PATHS = (
					"$(inherited)",
					"@executable_path/Frameworks",
				);
				PRODUCT_BUNDLE_IDENTIFIER = com.gasgoo.iosapp;
				PRODUCT_NAME = "$(TARGET_NAME)";
				SWIFT_VERSION = 5.0;
				TARGETED_DEVICE_FAMILY = "1,2";
			};
			name = Debug;
		};
		4192E8E823571447008FFE2A /* Release */ = {
			isa = XCBuildConfiguration;
			buildSettings = {
				ASSETCATALOG_COMPILER_APPICON_NAME = AppIcon;
				CODE_SIGN_ENTITLEMENTS = LearnSignInWithApple/LearnSignInWithApple.entitlements;
				CODE_SIGN_STYLE = Automatic;
				DEVELOPMENT_TEAM = W3SB3UL54Q;
				INFOPLIST_FILE = LearnSignInWithApple/Info.plist;
				IPHONEOS_DEPLOYMENT_TARGET = 13.0;
				LD_RUNPATH_SEARCH_PATHS = (
					"$(inherited)",
					"@executable_path/Frameworks",
				);
				PRODUCT_BUNDLE_IDENTIFIER = com.gasgoo.iosapp;
				PRODUCT_NAME = "$(TARGET_NAME)";
				SWIFT_VERSION = 5.0;
				TARGETED_DEVICE_FAMILY = "1,2";
			};
			name = Release;
		};
		4192E8EA23571447008FFE2A /* Debug */ = {
			isa = XCBuildConfiguration;
			buildSettings = {
				ALWAYS_EMBED_SWIFT_STANDARD_LIBRARIES = YES;
				BUNDLE_LOADER = "$(TEST_HOST)";
				CODE_SIGN_STYLE = Automatic;
				INFOPLIST_FILE = LearnSignInWithAppleTests/Info.plist;
				IPHONEOS_DEPLOYMENT_TARGET = 13.1;
				LD_RUNPATH_SEARCH_PATHS = (
					"$(inherited)",
					"@executable_path/Frameworks",
					"@loader_path/Frameworks",
				);
				PRODUCT_BUNDLE_IDENTIFIER = com.gasgoo.LearnSignInWithAppleTests;
				PRODUCT_NAME = "$(TARGET_NAME)";
				SWIFT_VERSION = 5.0;
				TARGETED_DEVICE_FAMILY = "1,2";
				TEST_HOST = "$(BUILT_PRODUCTS_DIR)/LearnSignInWithApple.app/LearnSignInWithApple";
			};
			name = Debug;
		};
		4192E8EB23571447008FFE2A /* Release */ = {
			isa = XCBuildConfiguration;
			buildSettings = {
				ALWAYS_EMBED_SWIFT_STANDARD_LIBRARIES = YES;
				BUNDLE_LOADER = "$(TEST_HOST)";
				CODE_SIGN_STYLE = Automatic;
				INFOPLIST_FILE = LearnSignInWithAppleTests/Info.plist;
				IPHONEOS_DEPLOYMENT_TARGET = 13.1;
				LD_RUNPATH_SEARCH_PATHS = (
					"$(inherited)",
					"@executable_path/Frameworks",
					"@loader_path/Frameworks",
				);
				PRODUCT_BUNDLE_IDENTIFIER = com.gasgoo.LearnSignInWithAppleTests;
				PRODUCT_NAME = "$(TARGET_NAME)";
				SWIFT_VERSION = 5.0;
				TARGETED_DEVICE_FAMILY = "1,2";
				TEST_HOST = "$(BUILT_PRODUCTS_DIR)/LearnSignInWithApple.app/LearnSignInWithApple";
			};
			name = Release;
		};
		4192E8ED23571447008FFE2A /* Debug */ = {
			isa = XCBuildConfiguration;
			buildSettings = {
				ALWAYS_EMBED_SWIFT_STANDARD_LIBRARIES = YES;
				CODE_SIGN_STYLE = Automatic;
				INFOPLIST_FILE = LearnSignInWithAppleUITests/Info.plist;
				LD_RUNPATH_SEARCH_PATHS = (
					"$(inherited)",
					"@executable_path/Frameworks",
					"@loader_path/Frameworks",
				);
				PRODUCT_BUNDLE_IDENTIFIER = com.gasgoo.LearnSignInWithAppleUITests;
				PRODUCT_NAME = "$(TARGET_NAME)";
				SWIFT_VERSION = 5.0;
				TARGETED_DEVICE_FAMILY = "1,2";
				TEST_TARGET_NAME = LearnSignInWithApple;
			};
			name = Debug;
		};
		4192E8EE23571447008FFE2A /* Release */ = {
			isa = XCBuildConfiguration;
			buildSettings = {
				ALWAYS_EMBED_SWIFT_STANDARD_LIBRARIES = YES;
				CODE_SIGN_STYLE = Automatic;
				INFOPLIST_FILE = LearnSignInWithAppleUITests/Info.plist;
				LD_RUNPATH_SEARCH_PATHS = (
					"$(inherited)",
					"@executable_path/Frameworks",
					"@loader_path/Frameworks",
				);
				PRODUCT_BUNDLE_IDENTIFIER = com.gasgoo.LearnSignInWithAppleUITests;
				PRODUCT_NAME = "$(TARGET_NAME)";
				SWIFT_VERSION = 5.0;
				TARGETED_DEVICE_FAMILY = "1,2";
				TEST_TARGET_NAME = LearnSignInWithApple;
			};
			name = Release;
		};
/* End XCBuildConfiguration section */

/* Begin XCConfigurationList section */
		4192E8B723571445008FFE2A /* Build configuration list for PBXProject "LearnSignInWithApple" */ = {
			isa = XCConfigurationList;
			buildConfigurations = (
				4192E8E423571447008FFE2A /* Debug */,
				4192E8E523571447008FFE2A /* Release */,
			);
			defaultConfigurationIsVisible = 0;
			defaultConfigurationName = Release;
		};
		4192E8E623571447008FFE2A /* Build configuration list for PBXNativeTarget "LearnSignInWithApple" */ = {
			isa = XCConfigurationList;
			buildConfigurations = (
				4192E8E723571447008FFE2A /* Debug */,
				4192E8E823571447008FFE2A /* Release */,
			);
			defaultConfigurationIsVisible = 0;
			defaultConfigurationName = Release;
		};
		4192E8E923571447008FFE2A /* Build configuration list for PBXNativeTarget "LearnSignInWithAppleTests" */ = {
			isa = XCConfigurationList;
			buildConfigurations = (
				4192E8EA23571447008FFE2A /* Debug */,
				4192E8EB23571447008FFE2A /* Release */,
			);
			defaultConfigurationIsVisible = 0;
			defaultConfigurationName = Release;
		};
		4192E8EC23571447008FFE2A /* Build configuration list for PBXNativeTarget "LearnSignInWithAppleUITests" */ = {
			isa = XCConfigurationList;
			buildConfigurations = (
				4192E8ED23571447008FFE2A /* Debug */,
				4192E8EE23571447008FFE2A /* Release */,
			);
			defaultConfigurationIsVisible = 0;
			defaultConfigurationName = Release;
		};
/* End XCConfigurationList section */
	};
	rootObject = 4192E8B423571445008FFE2A /* Project object */;
}
